{
  "nodes": {
    "nixpkgs": {
      "locked": {
        "lastModified": 1786599213,
        "narHash": "sha256-yNJd40f11EzXBjSByCB7IPpeFFAdeoSKKM67dGkfFoU=",
        "owner": "NixOS",
        "repo": "nixpkgs",
        "rev": "0e251e24a4f24e036a084b6b4b2d2491af4167f4",
        "type": "github"
      },
      "original": {
        "owner": "NixOS",
        "ref": "nixos-unstable",
        "repo": "nixpkgs",
        "type": "github"
      }
    },
    "root": {
      "inputs": {
        "nixpkgs": "nixpkgs",
        "theme": "theme"
      }
    },
    "theme": {
      "flake": false,
      "locked": {
        "lastModified": 1786694463,
        "narHash": "sha256-Qdq+hONxupm79Qiwe8ivotyjz03Ggc4hSkqQO51c7Zo=",
        "ref": "refs/heads/master",
        "rev": "6e84649cbd3fb750a89f0f8d69e9c79b8724a08f",
        "revCount": 18,
        "type": "git",
        "url": "https://github.com/sachahjkl/hugo_theme_hjkl.it.git"
      },
      "original": {
        "rev": "6e84649cbd3fb750a89f0f8d69e9c79b8724a08f",
        "type": "git",
        "url": "https://github.com/sachahjkl/hugo_theme_hjkl.it.git"
      }
    }
  },
  "root": "root",
  "version": 7
}
